// !$*UTF8*$!
{
	archiveVersion = 1;
	classes = {
	};
	objectVersion = 70;
	objects = {

/* Begin PBXBuildFile section */
		C828A3FE2D0A94450023E7F1 /* LOGGING.md in Resources */ = {isa = PBXBuildFile; fileRef = C828A3FD2D0A94450023E7F1 /* LOGGING.md */; };
		C876958A2CBA082F00FBCA6C /* Assets.xcassets in Resources */ = {isa = PBXBuildFile; fileRef = C87695892CBA082F00FBCA6C /* Assets.xcassets */; };
		C876958D2CBA082F00FBCA6C /* Preview Assets.xcassets in Resources */ = {isa = PBXBuildFile; fileRef = C876958C2CBA082F00FBCA6C /* Preview Assets.xcassets */; };
		C876959F2CBA087400FBCA6C /* LICENSE.md in Resources */ = {isa = PBXBuildFile; fileRef = C87695982CBA087400FBCA6C /* LICENSE.md */; };
		C87695A52CBA1B5800FBCA6C /* README.md in Resources */ = {isa = PBXBuildFile; fileRef = C87695A42CBA1B5800FBCA6C /* README.md */; };
		C8A838362D0410CF002EC00B /* OverviewApp.swift in Sources */ = {isa = PBXBuildFile; fileRef = C8A838342D0410CF002EC00B /* OverviewApp.swift */; };
		C8A838372D0410CF002EC00B /* ContentView.swift in Sources */ = {isa = PBXBuildFile; fileRef = C8A838332D0410CF002EC00B /* ContentView.swift */; };
		C8FF23E32D12A2FE00DEE36A /* DOCUMENTATION.md in Resources */ = {isa = PBXBuildFile; fileRef = C8FF23E22D12A2FE00DEE36A /* DOCUMENTATION.md */; };
/* End PBXBuildFile section */

/* Begin PBXFileReference section */
		C828A3FD2D0A94450023E7F1 /* LOGGING.md */ = {isa = PBXFileReference; lastKnownFileType = net.daringfireball.markdown; path = LOGGING.md; sourceTree = "<group>"; };
		C87695822CBA082D00FBCA6C /* Overview.app */ = {isa = PBXFileReference; explicitFileType = wrapper.application; includeInIndex = 0; path = Overview.app; sourceTree = BUILT_PRODUCTS_DIR; };
		C87695892CBA082F00FBCA6C /* Assets.xcassets */ = {isa = PBXFileReference; lastKnownFileType = folder.assetcatalog; path = Assets.xcassets; sourceTree = "<group>"; };
		C876958C2CBA082F00FBCA6C /* Preview Assets.xcassets */ = {isa = PBXFileReference; lastKnownFileType = folder.assetcatalog; path = "Preview Assets.xcassets"; sourceTree = "<group>"; };
		C876958E2CBA082F00FBCA6C /* Overview.entitlements */ = {isa = PBXFileReference; lastKnownFileType = text.plist.entitlements; path = Overview.entitlements; sourceTree = "<group>"; };
		C87695982CBA087400FBCA6C /* LICENSE.md */ = {isa = PBXFileReference; lastKnownFileType = net.daringfireball.markdown; path = LICENSE.md; sourceTree = "<group>"; };
		C87695A42CBA1B5800FBCA6C /* README.md */ = {isa = PBXFileReference; lastKnownFileType = net.daringfireball.markdown; path = README.md; sourceTree = "<group>"; };
		C8A838332D0410CF002EC00B /* ContentView.swift */ = {isa = PBXFileReference; lastKnownFileType = sourcecode.swift; path = ContentView.swift; sourceTree = "<group>"; };
		C8A838342D0410CF002EC00B /* OverviewApp.swift */ = {isa = PBXFileReference; lastKnownFileType = sourcecode.swift; path = OverviewApp.swift; sourceTree = "<group>"; };
		C8FF23E22D12A2FE00DEE36A /* DOCUMENTATION.md */ = {isa = PBXFileReference; lastKnownFileType = net.daringfireball.markdown; path = DOCUMENTATION.md; sourceTree = "<group>"; };
/* End PBXFileReference section */

/* Begin PBXFileSystemSynchronizedBuildFileExceptionSet section */
		C828A4062D0A94A20023E7F1 /* PBXFileSystemSynchronizedBuildFileExceptionSet */ = {
			isa = PBXFileSystemSynchronizedBuildFileExceptionSet;
			membershipExceptions = (
				AppLogger.swift,
			);
			target = C87695812CBA082D00FBCA6C /* Overview */;
		};
		C8323A2C2D081393001B91A6 /* PBXFileSystemSynchronizedBuildFileExceptionSet */ = {
			isa = PBXFileSystemSynchronizedBuildFileExceptionSet;
			membershipExceptions = (
				HotkeyBinding.swift,
				HotkeyBindingSheet.swift,
				HotkeyManager.swift,
				HotkeyRecorder.swift,
				HotkeyService.swift,
			);
			target = C87695812CBA082D00FBCA6C /* Overview */;
		};
		C868D7E32D082CD200EF1F4C /* PBXFileSystemSynchronizedBuildFileExceptionSet */ = {
			isa = PBXFileSystemSynchronizedBuildFileExceptionSet;
			membershipExceptions = (
				Services/WindowFilterService.swift,
				Services/WindowFocusService.swift,
				Services/WindowObserverService.swift,
				Services/WindowTitleService.swift,
				WindowManager.swift,
				WindowServices.swift,
			);
			target = C87695812CBA082D00FBCA6C /* Overview */;
		};
		C8A837D82D0405C0002EC00B /* PBXFileSystemSynchronizedBuildFileExceptionSet */ = {
			isa = PBXFileSystemSynchronizedBuildFileExceptionSet;
			membershipExceptions = (
				AppSettings.swift,
				ColorExtension.swift,
				SettingsView.swift,
			);
			target = C87695812CBA082D00FBCA6C /* Overview */;
		};
		C8A838842D0421ED002EC00B /* PBXFileSystemSynchronizedBuildFileExceptionSet */ = {
			isa = PBXFileSystemSynchronizedBuildFileExceptionSet;
			membershipExceptions = (
				InteractionOverlay.swift,
				PreviewAccessor.swift,
				PreviewManager.swift,
				PreviewView.swift,
				SelectionView.swift,
			);
			target = C87695812CBA082D00FBCA6C /* Overview */;
		};
		C8A8388E2D0421EF002EC00B /* PBXFileSystemSynchronizedBuildFileExceptionSet */ = {
			isa = PBXFileSystemSynchronizedBuildFileExceptionSet;
			membershipExceptions = (
				Capture.swift,
				CaptureEngine.swift,
				CaptureManager.swift,
				CaptureServices.swift,
				Services/CaptureAvailabilityService.swift,
				Services/CaptureConfigurationService.swift,
			);
			target = C87695812CBA082D00FBCA6C /* Overview */;
		};
/* End PBXFileSystemSynchronizedBuildFileExceptionSet section */

/* Begin PBXFileSystemSynchronizedRootGroup section */
		C828A4032D0A948D0023E7F1 /* Logging */ = {isa = PBXFileSystemSynchronizedRootGroup; exceptions = (C828A4062D0A94A20023E7F1 /* PBXFileSystemSynchronizedBuildFileExceptionSet */, ); explicitFileTypes = {}; explicitFolders = (); path = Logging; sourceTree = "<group>"; };
		C8323A2B2D081388001B91A6 /* Hotkey */ = {isa = PBXFileSystemSynchronizedRootGroup; exceptions = (C8323A2C2D081393001B91A6 /* PBXFileSystemSynchronizedBuildFileExceptionSet */, ); explicitFileTypes = {}; explicitFolders = (); path = Hotkey; sourceTree = "<group>"; };
		C868D7E22D082CCB00EF1F4C /* Window */ = {isa = PBXFileSystemSynchronizedRootGroup; exceptions = (C868D7E32D082CD200EF1F4C /* PBXFileSystemSynchronizedBuildFileExceptionSet */, ); explicitFileTypes = {}; explicitFolders = (); path = Window; sourceTree = "<group>"; };
		C8A837D72D0405B7002EC00B /* Settings */ = {isa = PBXFileSystemSynchronizedRootGroup; exceptions = (C8A837D82D0405C0002EC00B /* PBXFileSystemSynchronizedBuildFileExceptionSet */, ); explicitFileTypes = {}; explicitFolders = (); path = Settings; sourceTree = "<group>"; };
		C8A8387E2D0421ED002EC00B /* Preview */ = {isa = PBXFileSystemSynchronizedRootGroup; exceptions = (C8A838842D0421ED002EC00B /* PBXFileSystemSynchronizedBuildFileExceptionSet */, ); explicitFileTypes = {}; explicitFolders = (); path = Preview; sourceTree = "<group>"; };
		C8A838892D0421EF002EC00B /* Capture */ = {isa = PBXFileSystemSynchronizedRootGroup; exceptions = (C8A8388E2D0421EF002EC00B /* PBXFileSystemSynchronizedBuildFileExceptionSet */, ); explicitFileTypes = {}; explicitFolders = (); path = Capture; sourceTree = "<group>"; };
/* End PBXFileSystemSynchronizedRootGroup section */

/* Begin PBXFrameworksBuildPhase section */
		C876957F2CBA082D00FBCA6C /* Frameworks */ = {
			isa = PBXFrameworksBuildPhase;
			buildActionMask = 2147483647;
			files = (
			);
			runOnlyForDeploymentPostprocessing = 0;
		};
/* End PBXFrameworksBuildPhase section */

/* Begin PBXGroup section */
		C87695792CBA082D00FBCA6C = {
			isa = PBXGroup;
			children = (
				C87695842CBA082D00FBCA6C /* Overview */,
				C87695832CBA082D00FBCA6C /* Products */,
				C87695982CBA087400FBCA6C /* LICENSE.md */,
				C87695A42CBA1B5800FBCA6C /* README.md */,
				C828A3FD2D0A94450023E7F1 /* LOGGING.md */,
				C8FF23E22D12A2FE00DEE36A /* DOCUMENTATION.md */,
			);
			sourceTree = "<group>";
		};
		C87695832CBA082D00FBCA6C /* Products */ = {
			isa = PBXGroup;
			children = (
				C87695822CBA082D00FBCA6C /* Overview.app */,
			);
			name = Products;
			sourceTree = "<group>";
		};
		C87695842CBA082D00FBCA6C /* Overview */ = {
			isa = PBXGroup;
			children = (
				C8A838342D0410CF002EC00B /* OverviewApp.swift */,
				C8A838332D0410CF002EC00B /* ContentView.swift */,
				C8A8387E2D0421ED002EC00B /* Preview */,
				C8A838892D0421EF002EC00B /* Capture */,
				C8323A2B2D081388001B91A6 /* Hotkey */,
				C868D7E22D082CCB00EF1F4C /* Window */,
				C8A837D72D0405B7002EC00B /* Settings */,
				C828A4032D0A948D0023E7F1 /* Logging */,
				C87695892CBA082F00FBCA6C /* Assets.xcassets */,
				C876958E2CBA082F00FBCA6C /* Overview.entitlements */,
				C876958B2CBA082F00FBCA6C /* Preview Content */,
			);
			path = Overview;
			sourceTree = "<group>";
		};
		C876958B2CBA082F00FBCA6C /* Preview Content */ = {
			isa = PBXGroup;
			children = (
				C876958C2CBA082F00FBCA6C /* Preview Assets.xcassets */,
			);
			path = "Preview Content";
			sourceTree = "<group>";
		};
/* End PBXGroup section */

/* Begin PBXNativeTarget section */
		C87695812CBA082D00FBCA6C /* Overview */ = {
			isa = PBXNativeTarget;
			buildConfigurationList = C87695912CBA082F00FBCA6C /* Build configuration list for PBXNativeTarget "Overview" */;
			buildPhases = (
				C876957E2CBA082D00FBCA6C /* Sources */,
				C876957F2CBA082D00FBCA6C /* Frameworks */,
				C87695802CBA082D00FBCA6C /* Resources */,
			);
			buildRules = (
			);
			dependencies = (
			);
			name = Overview;
			productName = Overview;
			productReference = C87695822CBA082D00FBCA6C /* Overview.app */;
			productType = "com.apple.product-type.application";
		};
/* End PBXNativeTarget section */

/* Begin PBXProject section */
		C876957A2CBA082D00FBCA6C /* Project object */ = {
			isa = PBXProject;
			attributes = {
				BuildIndependentTargetsInParallel = 1;
				LastSwiftUpdateCheck = 1600;
				LastUpgradeCheck = 1600;
				TargetAttributes = {
					C87695812CBA082D00FBCA6C = {
						CreatedOnToolsVersion = 16.0;
					};
				};
			};
			buildConfigurationList = C876957D2CBA082D00FBCA6C /* Build configuration list for PBXProject "Overview" */;
			compatibilityVersion = "Xcode 15.0";
			developmentRegion = en;
			hasScannedForEncodings = 0;
			knownRegions = (
				en,
				Base,
			);
			mainGroup = C87695792CBA082D00FBCA6C;
			productRefGroup = C87695832CBA082D00FBCA6C /* Products */;
			projectDirPath = "";
			projectRoot = "";
			targets = (
				C87695812CBA082D00FBCA6C /* Overview */,
			);
		};
/* End PBXProject section */

/* Begin PBXResourcesBuildPhase section */
		C87695802CBA082D00FBCA6C /* Resources */ = {
			isa = PBXResourcesBuildPhase;
			buildActionMask = 2147483647;
			files = (
				C876958D2CBA082F00FBCA6C /* Preview Assets.xcassets in Resources */,
				C876959F2CBA087400FBCA6C /* LICENSE.md in Resources */,
				C828A3FE2D0A94450023E7F1 /* LOGGING.md in Resources */,
				C8FF23E32D12A2FE00DEE36A /* DOCUMENTATION.md in Resources */,
				C87695A52CBA1B5800FBCA6C /* README.md in Resources */,
				C876958A2CBA082F00FBCA6C /* Assets.xcassets in Resources */,
			);
			runOnlyForDeploymentPostprocessing = 0;
		};
/* End PBXResourcesBuildPhase section */

/* Begin PBXSourcesBuildPhase section */
		C876957E2CBA082D00FBCA6C /* Sources */ = {
			isa = PBXSourcesBuildPhase;
			buildActionMask = 2147483647;
			files = (
				C8A838362D0410CF002EC00B /* OverviewApp.swift in Sources */,
				C8A838372D0410CF002EC00B /* ContentView.swift in Sources */,
			);
			runOnlyForDeploymentPostprocessing = 0;
		};
/* End PBXSourcesBuildPhase section */

/* Begin XCBuildConfiguration section */
		C876958F2CBA082F00FBCA6C /* Debug */ = {
			isa = XCBuildConfiguration;
			buildSettings = {
				ALWAYS_SEARCH_USER_PATHS = NO;
				ASSETCATALOG_COMPILER_GENERATE_SWIFT_ASSET_SYMBOL_EXTENSIONS = YES;
				CLANG_ANALYZER_NONNULL = YES;
				CLANG_ANALYZER_NUMBER_OBJECT_CONVERSION = YES_AGGRESSIVE;
				CLANG_CXX_LANGUAGE_STANDARD = "gnu++20";
				CLANG_ENABLE_MODULES = YES;
				CLANG_ENABLE_OBJC_ARC = YES;
				CLANG_ENABLE_OBJC_WEAK = YES;
				CLANG_WARN_BLOCK_CAPTURE_AUTORELEASING = YES;
				CLANG_WARN_BOOL_CONVERSION = YES;
				CLANG_WARN_COMMA = YES;
				CLANG_WARN_CONSTANT_CONVERSION = YES;
				CLANG_WARN_DEPRECATED_OBJC_IMPLEMENTATIONS = YES;
				CLANG_WARN_DIRECT_OBJC_ISA_USAGE = YES_ERROR;
				CLANG_WARN_DOCUMENTATION_COMMENTS = YES;
				CLANG_WARN_EMPTY_BODY = YES;
				CLANG_WARN_ENUM_CONVERSION = YES;
				CLANG_WARN_INFINITE_RECURSION = YES;
				CLANG_WARN_INT_CONVERSION = YES;
				CLANG_WARN_NON_LITERAL_NULL_CONVERSION = YES;
				CLANG_WARN_OBJC_IMPLICIT_RETAIN_SELF = YES;
				CLANG_WARN_OBJC_LITERAL_CONVERSION = YES;
				CLANG_WARN_OBJC_ROOT_CLASS = YES_ERROR;
				CLANG_WARN_QUOTED_INCLUDE_IN_FRAMEWORK_HEADER = YES;
				CLANG_WARN_RANGE_LOOP_ANALYSIS = YES;
				CLANG_WARN_STRICT_PROTOTYPES = YES;
				CLANG_WARN_SUSPICIOUS_MOVE = YES;
				CLANG_WARN_UNGUARDED_AVAILABILITY = YES_AGGRESSIVE;
				CLANG_WARN_UNREACHABLE_CODE = YES;
				CLANG_WARN__DUPLICATE_METHOD_MATCH = YES;
				COPY_PHASE_STRIP = NO;
				DEBUG_INFORMATION_FORMAT = dwarf;
				ENABLE_STRICT_OBJC_MSGSEND = YES;
				ENABLE_TESTABILITY = YES;
				ENABLE_USER_SCRIPT_SANDBOXING = YES;
				GCC_C_LANGUAGE_STANDARD = gnu17;
				GCC_DYNAMIC_NO_PIC = NO;
				GCC_NO_COMMON_BLOCKS = YES;
				GCC_OPTIMIZATION_LEVEL = 0;
				GCC_PREPROCESSOR_DEFINITIONS = (
					"DEBUG=1",
					"$(inherited)",
				);
				GCC_WARN_64_TO_32_BIT_CONVERSION = YES;
				GCC_WARN_ABOUT_RETURN_TYPE = YES_ERROR;
				GCC_WARN_UNDECLARED_SELECTOR = YES;
				GCC_WARN_UNINITIALIZED_AUTOS = YES_AGGRESSIVE;
				GCC_WARN_UNUSED_FUNCTION = YES;
				GCC_WARN_UNUSED_VARIABLE = YES;
				LOCALIZATION_PREFERS_STRING_CATALOGS = YES;
				MACOSX_DEPLOYMENT_TARGET = 15.0;
				MTL_ENABLE_DEBUG_INFO = INCLUDE_SOURCE;
				MTL_FAST_MATH = YES;
				ONLY_ACTIVE_ARCH = YES;
				SDKROOT = macosx;
				SWIFT_ACTIVE_COMPILATION_CONDITIONS = "DEBUG $(inherited)";
				SWIFT_OPTIMIZATION_LEVEL = "-Onone";
			};
			name = Debug;
		};
		C87695902CBA082F00FBCA6C /* Release */ = {
			isa = XCBuildConfiguration;
			buildSettings = {
				ALWAYS_SEARCH_USER_PATHS = NO;
				ASSETCATALOG_COMPILER_GENERATE_SWIFT_ASSET_SYMBOL_EXTENSIONS = YES;
				CLANG_ANALYZER_NONNULL = YES;
				CLANG_ANALYZER_NUMBER_OBJECT_CONVERSION = YES_AGGRESSIVE;
				CLANG_CXX_LANGUAGE_STANDARD = "gnu++20";
				CLANG_ENABLE_MODULES = YES;
				CLANG_ENABLE_OBJC_ARC = YES;
				CLANG_ENABLE_OBJC_WEAK = YES;
				CLANG_WARN_BLOCK_CAPTURE_AUTORELEASING = YES;
				CLANG_WARN_BOOL_CONVERSION = YES;
				CLANG_WARN_COMMA = YES;
				CLANG_WARN_CONSTANT_CONVERSION = YES;
				CLANG_WARN_DEPRECATED_OBJC_IMPLEMENTATIONS = YES;
				CLANG_WARN_DIRECT_OBJC_ISA_USAGE = YES_ERROR;
				CLANG_WARN_DOCUMENTATION_COMMENTS = YES;
				CLANG_WARN_EMPTY_BODY = YES;
				CLANG_WARN_ENUM_CONVERSION = YES;
				CLANG_WARN_INFINITE_RECURSION = YES;
				CLANG_WARN_INT_CONVERSION = YES;
				CLANG_WARN_NON_LITERAL_NULL_CONVERSION = YES;
				CLANG_WARN_OBJC_IMPLICIT_RETAIN_SELF = YES;
				CLANG_WARN_OBJC_LITERAL_CONVERSION = YES;
				CLANG_WARN_OBJC_ROOT_CLASS = YES_ERROR;
				CLANG_WARN_QUOTED_INCLUDE_IN_FRAMEWORK_HEADER = YES;
				CLANG_WARN_RANGE_LOOP_ANALYSIS = YES;
				CLANG_WARN_STRICT_PROTOTYPES = YES;
				CLANG_WARN_SUSPICIOUS_MOVE = YES;
				CLANG_WARN_UNGUARDED_AVAILABILITY = YES_AGGRESSIVE;
				CLANG_WARN_UNREACHABLE_CODE = YES;
				CLANG_WARN__DUPLICATE_METHOD_MATCH = YES;
				COPY_PHASE_STRIP = NO;
				DEBUG_INFORMATION_FORMAT = "dwarf-with-dsym";
				ENABLE_NS_ASSERTIONS = NO;
				ENABLE_STRICT_OBJC_MSGSEND = YES;
				ENABLE_USER_SCRIPT_SANDBOXING = YES;
				GCC_C_LANGUAGE_STANDARD = gnu17;
				GCC_NO_COMMON_BLOCKS = YES;
				GCC_WARN_64_TO_32_BIT_CONVERSION = YES;
				GCC_WARN_ABOUT_RETURN_TYPE = YES_ERROR;
				GCC_WARN_UNDECLARED_SELECTOR = YES;
				GCC_WARN_UNINITIALIZED_AUTOS = YES_AGGRESSIVE;
				GCC_WARN_UNUSED_FUNCTION = YES;
				GCC_WARN_UNUSED_VARIABLE = YES;
				LOCALIZATION_PREFERS_STRING_CATALOGS = YES;
				MACOSX_DEPLOYMENT_TARGET = 15.0;
				MTL_ENABLE_DEBUG_INFO = NO;
				MTL_FAST_MATH = YES;
				SDKROOT = macosx;
				SWIFT_COMPILATION_MODE = wholemodule;
			};
			name = Release;
		};
		C87695922CBA082F00FBCA6C /* Debug */ = {
			isa = XCBuildConfiguration;
			buildSettings = {
				ASSETCATALOG_COMPILER_APPICON_NAME = AppIcon;
				ASSETCATALOG_COMPILER_GLOBAL_ACCENT_COLOR_NAME = AccentColor;
				CODE_SIGN_ENTITLEMENTS = Overview/Overview.entitlements;
				CODE_SIGN_STYLE = Automatic;
				COMBINE_HIDPI_IMAGES = YES;
				CURRENT_PROJECT_VERSION = 1;
				DEVELOPMENT_ASSET_PATHS = "\"Overview/Preview Content\"";
				DEVELOPMENT_TEAM = TUFL6SPMRK;
				ENABLE_HARDENED_RUNTIME = YES;
				ENABLE_PREVIEWS = YES;
				GENERATE_INFOPLIST_FILE = YES;
				INFOPLIST_KEY_LSApplicationCategoryType = "public.app-category.utilities";
				INFOPLIST_KEY_NSHumanReadableCopyright = "";
				LD_RUNPATH_SEARCH_PATHS = (
					"$(inherited)",
					"@executable_path/../Frameworks",
				);
				MACOSX_DEPLOYMENT_TARGET = 14.0;
				MARKETING_VERSION = "0.4.1-alpha-dev.x";
				PRODUCT_BUNDLE_IDENTIFIER = WilliamPierce.Overview;
				PRODUCT_NAME = "$(TARGET_NAME)";
				SWIFT_EMIT_LOC_STRINGS = YES;
				SWIFT_VERSION = 5.0;
			};
			name = Debug;
		};
		C87695932CBA082F00FBCA6C /* Release */ = {
			isa = XCBuildConfiguration;
			buildSettings = {
				ASSETCATALOG_COMPILER_APPICON_NAME = AppIcon;
				ASSETCATALOG_COMPILER_GLOBAL_ACCENT_COLOR_NAME = AccentColor;
				CODE_SIGN_ENTITLEMENTS = Overview/Overview.entitlements;
				CODE_SIGN_STYLE = Automatic;
				COMBINE_HIDPI_IMAGES = YES;
				CURRENT_PROJECT_VERSION = 1;
				DEVELOPMENT_ASSET_PATHS = "\"Overview/Preview Content\"";
				DEVELOPMENT_TEAM = TUFL6SPMRK;
				ENABLE_HARDENED_RUNTIME = YES;
				ENABLE_PREVIEWS = YES;
				GENERATE_INFOPLIST_FILE = YES;
				INFOPLIST_KEY_LSApplicationCategoryType = "public.app-category.utilities";
				INFOPLIST_KEY_NSHumanReadableCopyright = "";
				LD_RUNPATH_SEARCH_PATHS = (
					"$(inherited)",
					"@executable_path/../Frameworks",
				);
				MACOSX_DEPLOYMENT_TARGET = 14.0;
				MARKETING_VERSION = "0.4.1-alpha-dev.x";
				PRODUCT_BUNDLE_IDENTIFIER = WilliamPierce.Overview;
				PRODUCT_NAME = "$(TARGET_NAME)";
				SWIFT_EMIT_LOC_STRINGS = YES;
				SWIFT_VERSION = 5.0;
			};
			name = Release;
		};
/* End XCBuildConfiguration section */

/* Begin XCConfigurationList section */
		C876957D2CBA082D00FBCA6C /* Build configuration list for PBXProject "Overview" */ = {
			isa = XCConfigurationList;
			buildConfigurations = (
				C876958F2CBA082F00FBCA6C /* Debug */,
				C87695902CBA082F00FBCA6C /* Release */,
			);
			defaultConfigurationIsVisible = 0;
			defaultConfigurationName = Release;
		};
		C87695912CBA082F00FBCA6C /* Build configuration list for PBXNativeTarget "Overview" */ = {
			isa = XCConfigurationList;
			buildConfigurations = (
				C87695922CBA082F00FBCA6C /* Debug */,
				C87695932CBA082F00FBCA6C /* Release */,
			);
			defaultConfigurationIsVisible = 0;
			defaultConfigurationName = Release;
		};
/* End XCConfigurationList section */
	};
	rootObject = C876957A2CBA082D00FBCA6C /* Project object */;
}
