// !$*UTF8*$!
{
	archiveVersion = 1;
	classes = {
	};
	objectVersion = 70;
	objects = {

/* Begin PBXBuildFile section */
		C856D8DA2D62CE3900E82033 /* KeyboardShortcuts in Frameworks */ = {isa = PBXBuildFile; productRef = C856D8D92D62CE3900E82033 /* KeyboardShortcuts */; };
		C876958A2CBA082F00FBCA6C /* Assets.xcassets in Resources */ = {isa = PBXBuildFile; fileRef = C87695892CBA082F00FBCA6C /* Assets.xcassets */; };
		C876958D2CBA082F00FBCA6C /* Preview Assets.xcassets in Resources */ = {isa = PBXBuildFile; fileRef = C876958C2CBA082F00FBCA6C /* Preview Assets.xcassets */; };
		C881CD112D59F56700B5A480 /* OverviewAppDelegate.swift in Sources */ = {isa = PBXBuildFile; fileRef = C8BBECDF2D59F50E00459820 /* OverviewAppDelegate.swift */; };
		C88D5D792D5871B000F0990C /* Sparkle in Frameworks */ = {isa = PBXBuildFile; productRef = C88D5D782D5871B000F0990C /* Sparkle */; };
		C8A838362D0410CF002EC00B /* OverviewApp.swift in Sources */ = {isa = PBXBuildFile; fileRef = C8A838342D0410CF002EC00B /* OverviewApp.swift */; };
/* End PBXBuildFile section */

/* Begin PBXFileReference section */
		C871615F2D2A18D20098E42C /* STYLE.md */ = {isa = PBXFileReference; lastKnownFileType = net.daringfireball.markdown; path = STYLE.md; sourceTree = "<group>"; };
		C87695822CBA082D00FBCA6C /* Overview.app */ = {isa = PBXFileReference; explicitFileType = wrapper.application; includeInIndex = 0; path = Overview.app; sourceTree = BUILT_PRODUCTS_DIR; };
		C87695892CBA082F00FBCA6C /* Assets.xcassets */ = {isa = PBXFileReference; lastKnownFileType = folder.assetcatalog; path = Assets.xcassets; sourceTree = "<group>"; };
		C876958C2CBA082F00FBCA6C /* Preview Assets.xcassets */ = {isa = PBXFileReference; lastKnownFileType = folder.assetcatalog; path = "Preview Assets.xcassets"; sourceTree = "<group>"; };
		C876958E2CBA082F00FBCA6C /* Overview.entitlements */ = {isa = PBXFileReference; lastKnownFileType = text.plist.entitlements; path = Overview.entitlements; sourceTree = "<group>"; };
		C87695982CBA087400FBCA6C /* LICENSE.md */ = {isa = PBXFileReference; lastKnownFileType = net.daringfireball.markdown; path = LICENSE.md; sourceTree = "<group>"; };
		C87695A42CBA1B5800FBCA6C /* README.md */ = {isa = PBXFileReference; lastKnownFileType = net.daringfireball.markdown; path = README.md; sourceTree = "<group>"; };
		C8A4D35B2D50975E0003B5C9 /* FUNDING.md */ = {isa = PBXFileReference; lastKnownFileType = net.daringfireball.markdown; path = FUNDING.md; sourceTree = "<group>"; };
		C8A838342D0410CF002EC00B /* OverviewApp.swift */ = {isa = PBXFileReference; lastKnownFileType = sourcecode.swift; path = OverviewApp.swift; sourceTree = "<group>"; };
		C8BBECDF2D59F50E00459820 /* OverviewAppDelegate.swift */ = {isa = PBXFileReference; lastKnownFileType = sourcecode.swift; path = OverviewAppDelegate.swift; sourceTree = "<group>"; };
		C8CE2DC12D2BEFC5002D11AC /* Info.plist */ = {isa = PBXFileReference; lastKnownFileType = text.plist.xml; path = Info.plist; sourceTree = "<group>"; };
		C8D63F692D61E771005168F6 /* appcast.xml */ = {isa = PBXFileReference; lastKnownFileType = text.xml; path = appcast.xml; sourceTree = "<group>"; };
/* End PBXFileReference section */

/* Begin PBXFileSystemSynchronizedBuildFileExceptionSet section */
		C828A4062D0A94A20023E7F1 /* PBXFileSystemSynchronizedBuildFileExceptionSet */ = {
			isa = PBXFileSystemSynchronizedBuildFileExceptionSet;
			membershipExceptions = (
				AppLogger.swift,
			);
			target = C87695812CBA082D00FBCA6C /* Overview */;
		};
		C82E2F422D69689C00EA56EC /* PBXFileSystemSynchronizedBuildFileExceptionSet */ = {
			isa = PBXFileSystemSynchronizedBuildFileExceptionSet;
			membershipExceptions = (
				DiagnosticService.swift,
			);
			target = C87695812CBA082D00FBCA6C /* Overview */;
		};
		C8323A2C2D081393001B91A6 /* PBXFileSystemSynchronizedBuildFileExceptionSet */ = {
			isa = PBXFileSystemSynchronizedBuildFileExceptionSet;
			membershipExceptions = (
				Extensions/KeyboardShortcuts.swift,
				Settings/ShortcutSettingsContent.swift,
				Settings/ShortcutSettingsKeys.swift,
				Settings/ShortcutSettingsTab.swift,
				ShortcutItem.swift,
				ShortcutManager.swift,
				ShortcutStorage.swift,
			);
			target = C87695812CBA082D00FBCA6C /* Overview */;
		};
		C8544FB12D6139600064AC74 /* PBXFileSystemSynchronizedBuildFileExceptionSet */ = {
			isa = PBXFileSystemSynchronizedBuildFileExceptionSet;
			membershipExceptions = (
				PermissionManager.swift,
				PermissionSetupCoordinator.swift,
				PermissionSetupView.swift,
			);
			target = C87695812CBA082D00FBCA6C /* Overview */;
		};
		C868D7E32D082CD200EF1F4C /* PBXFileSystemSynchronizedBuildFileExceptionSet */ = {
			isa = PBXFileSystemSynchronizedBuildFileExceptionSet;
			membershipExceptions = (
				Services/SourceFilterService.swift,
				Services/SourceFocusService.swift,
				Services/SourceObserverService.swift,
				Settings/SourceSettingsContent.swift,
				Settings/SourceSettingsKeys.swift,
				Settings/SourceSettingsTab.swift,
				SourceManager.swift,
				SourceServices.swift,
				Views/SourceListView.swift,
			);
			target = C87695812CBA082D00FBCA6C /* Overview */;
		};
		C88D5D6F2D58715700F0990C /* PBXFileSystemSynchronizedBuildFileExceptionSet */ = {
			isa = PBXFileSystemSynchronizedBuildFileExceptionSet;
			membershipExceptions = (
				Settings/UpdateSettingsContent.swift,
				Settings/UpdateSettingsKeys.swift,
				Settings/UpdateSettingsTab.swift,
				UpdateManager.swift,
			);
			target = C87695812CBA082D00FBCA6C /* Overview */;
		};
		C8A837D82D0405C0002EC00B /* PBXFileSystemSynchronizedBuildFileExceptionSet */ = {
			isa = PBXFileSystemSynchronizedBuildFileExceptionSet;
			membershipExceptions = (
				Components/InfoPopover.swift,
				Components/OpacitySlider.swift,
				Components/ResetSettingsButton.swift,
				Components/WiggleModifier.swift,
				Extensions/ColorExtension.swift,
				SettingsManager.swift,
				SettingsMigrationUtility.swift,
				SettingsView.swift,
			);
			target = C87695812CBA082D00FBCA6C /* Overview */;
		};
		C8A838842D0421ED002EC00B /* PBXFileSystemSynchronizedBuildFileExceptionSet */ = {
			isa = PBXFileSystemSynchronizedBuildFileExceptionSet;
			membershipExceptions = (
				PreviewManager.swift,
				PreviewView.swift,
				Settings/PreviewSettingsContent.swift,
				Settings/PreviewSettingsKeys.swift,
				Settings/PreviewSettingsTab.swift,
				Views/PreviewCapture.swift,
				Views/PreviewSelection.swift,
			);
			target = C87695812CBA082D00FBCA6C /* Overview */;
		};
		C8A8388E2D0421EF002EC00B /* PBXFileSystemSynchronizedBuildFileExceptionSet */ = {
			isa = PBXFileSystemSynchronizedBuildFileExceptionSet;
			membershipExceptions = (
				Capture.swift,
				CaptureCoordinator.swift,
				CaptureEngine.swift,
				CaptureServices.swift,
				Services/CaptureAvailabilityService.swift,
				Services/CaptureConfigurationService.swift,
			);
			target = C87695812CBA082D00FBCA6C /* Overview */;
		};
		C8C2E4952D2BAEAD004F8C1F /* PBXFileSystemSynchronizedBuildFileExceptionSet */ = {
			isa = PBXFileSystemSynchronizedBuildFileExceptionSet;
			membershipExceptions = (
				Extensions/NSRectExtension.swift,
				Extensions/NSViewExtension.swift,
				Services/WindowAspectService.swift,
				Services/WindowConfigurationService.swift,
				Services/WindowPositionService.swift,
				Settings/WindowSettingsContent.swift,
				Settings/WindowSettingsKeys.swift,
				Settings/WindowSettingsTab.swift,
				WindowAccessor.swift,
				WindowInteraction.swift,
				WindowManager.swift,
				WindowServices.swift,
				WindowStorage.swift,
			);
			target = C87695812CBA082D00FBCA6C /* Overview */;
		};
		C8CCFE3F2D363083005F724E /* PBXFileSystemSynchronizedBuildFileExceptionSet */ = {
			isa = PBXFileSystemSynchronizedBuildFileExceptionSet;
			membershipExceptions = (
				Settings/OverlaySettingsContent.swift,
				Settings/OverlaySettingsKeys.swift,
				Settings/OverlaySettingsTab.swift,
				Views/CloseButtonOverlay.swift,
				Views/EditIndicatorOverlay.swift,
				Views/FocusBorderOverlay.swift,
				Views/TitleOverlay.swift,
			);
			target = C87695812CBA082D00FBCA6C /* Overview */;
		};
/* End PBXFileSystemSynchronizedBuildFileExceptionSet section */

/* Begin PBXFileSystemSynchronizedRootGroup section */
		C828A4032D0A948D0023E7F1 /* Logging */ = {isa = PBXFileSystemSynchronizedRootGroup; exceptions = (C828A4062D0A94A20023E7F1 /* PBXFileSystemSynchronizedBuildFileExceptionSet */, ); explicitFileTypes = {}; explicitFolders = (); path = Logging; sourceTree = "<group>"; };
		C82E2F3F2D69688100EA56EC /* Diagnostic */ = {isa = PBXFileSystemSynchronizedRootGroup; exceptions = (C82E2F422D69689C00EA56EC /* PBXFileSystemSynchronizedBuildFileExceptionSet */, ); explicitFileTypes = {}; explicitFolders = (); path = Diagnostic; sourceTree = "<group>"; };
		C8323A2B2D081388001B91A6 /* Shortcut */ = {isa = PBXFileSystemSynchronizedRootGroup; exceptions = (C8323A2C2D081393001B91A6 /* PBXFileSystemSynchronizedBuildFileExceptionSet */, ); explicitFileTypes = {}; explicitFolders = (); path = Shortcut; sourceTree = "<group>"; };
		C8544FAE2D6139570064AC74 /* Permission */ = {isa = PBXFileSystemSynchronizedRootGroup; exceptions = (C8544FB12D6139600064AC74 /* PBXFileSystemSynchronizedBuildFileExceptionSet */, ); explicitFileTypes = {}; explicitFolders = (); path = Permission; sourceTree = "<group>"; };
		C868D7E22D082CCB00EF1F4C /* Source */ = {isa = PBXFileSystemSynchronizedRootGroup; exceptions = (C868D7E32D082CD200EF1F4C /* PBXFileSystemSynchronizedBuildFileExceptionSet */, ); explicitFileTypes = {}; explicitFolders = (); path = Source; sourceTree = "<group>"; };
		C88D5D6C2D58714B00F0990C /* Update */ = {isa = PBXFileSystemSynchronizedRootGroup; exceptions = (C88D5D6F2D58715700F0990C /* PBXFileSystemSynchronizedBuildFileExceptionSet */, ); explicitFileTypes = {}; explicitFolders = (); path = Update; sourceTree = "<group>"; };
		C8A837D72D0405B7002EC00B /* Settings */ = {isa = PBXFileSystemSynchronizedRootGroup; exceptions = (C8A837D82D0405C0002EC00B /* PBXFileSystemSynchronizedBuildFileExceptionSet */, ); explicitFileTypes = {}; explicitFolders = (); path = Settings; sourceTree = "<group>"; };
		C8A8387E2D0421ED002EC00B /* Preview */ = {isa = PBXFileSystemSynchronizedRootGroup; exceptions = (C8A838842D0421ED002EC00B /* PBXFileSystemSynchronizedBuildFileExceptionSet */, ); explicitFileTypes = {}; explicitFolders = (); path = Preview; sourceTree = "<group>"; };
		C8A838892D0421EF002EC00B /* Capture */ = {isa = PBXFileSystemSynchronizedRootGroup; exceptions = (C8A8388E2D0421EF002EC00B /* PBXFileSystemSynchronizedBuildFileExceptionSet */, ); explicitFileTypes = {}; explicitFolders = (); path = Capture; sourceTree = "<group>"; };
		C8C2E4942D2BAEA8004F8C1F /* Window */ = {isa = PBXFileSystemSynchronizedRootGroup; exceptions = (C8C2E4952D2BAEAD004F8C1F /* PBXFileSystemSynchronizedBuildFileExceptionSet */, ); explicitFileTypes = {}; explicitFolders = (); path = Window; sourceTree = "<group>"; };
		C8CCFE3E2D36307C005F724E /* Overlay */ = {isa = PBXFileSystemSynchronizedRootGroup; exceptions = (C8CCFE3F2D363083005F724E /* PBXFileSystemSynchronizedBuildFileExceptionSet */, ); explicitFileTypes = {}; explicitFolders = (); path = Overlay; sourceTree = "<group>"; };
/* End PBXFileSystemSynchronizedRootGroup section */

/* Begin PBXFrameworksBuildPhase section */
		C876957F2CBA082D00FBCA6C /* Frameworks */ = {
			isa = PBXFrameworksBuildPhase;
			buildActionMask = 2147483647;
			files = (
				C88D5D792D5871B000F0990C /* Sparkle in Frameworks */,
				C856D8DA2D62CE3900E82033 /* KeyboardShortcuts in Frameworks */,
			);
			runOnlyForDeploymentPostprocessing = 0;
		};
/* End PBXFrameworksBuildPhase section */

/* Begin PBXGroup section */
		C87695792CBA082D00FBCA6C = {
			isa = PBXGroup;
			children = (
				C87695842CBA082D00FBCA6C /* Overview */,
				C87695832CBA082D00FBCA6C /* Products */,
				C8A4D35B2D50975E0003B5C9 /* FUNDING.md */,
				C87695982CBA087400FBCA6C /* LICENSE.md */,
				C87695A42CBA1B5800FBCA6C /* README.md */,
				C871615F2D2A18D20098E42C /* STYLE.md */,
				C8D63F692D61E771005168F6 /* appcast.xml */,
			);
			sourceTree = "<group>";
		};
		C87695832CBA082D00FBCA6C /* Products */ = {
			isa = PBXGroup;
			children = (
				C87695822CBA082D00FBCA6C /* Overview.app */,
			);
			name = Products;
			sourceTree = "<group>";
		};
		C87695842CBA082D00FBCA6C /* Overview */ = {
			isa = PBXGroup;
			children = (
				C8A838342D0410CF002EC00B /* OverviewApp.swift */,
				C8BBECDF2D59F50E00459820 /* OverviewAppDelegate.swift */,
				C8A8387E2D0421ED002EC00B /* Preview */,
				C8C2E4942D2BAEA8004F8C1F /* Window */,
				C8CCFE3E2D36307C005F724E /* Overlay */,
				C8323A2B2D081388001B91A6 /* Shortcut */,
				C868D7E22D082CCB00EF1F4C /* Source */,
				C8A838892D0421EF002EC00B /* Capture */,
				C8544FAE2D6139570064AC74 /* Permission */,
				C82E2F3F2D69688100EA56EC /* Diagnostic */,
				C8A837D72D0405B7002EC00B /* Settings */,
				C88D5D6C2D58714B00F0990C /* Update */,
				C828A4032D0A948D0023E7F1 /* Logging */,
				C87695892CBA082F00FBCA6C /* Assets.xcassets */,
				C876958E2CBA082F00FBCA6C /* Overview.entitlements */,
				C8CE2DC12D2BEFC5002D11AC /* Info.plist */,
				C876958B2CBA082F00FBCA6C /* Preview Content */,
			);
			path = Overview;
			sourceTree = "<group>";
		};
		C876958B2CBA082F00FBCA6C /* Preview Content */ = {
			isa = PBXGroup;
			children = (
				C876958C2CBA082F00FBCA6C /* Preview Assets.xcassets */,
			);
			path = "Preview Content";
			sourceTree = "<group>";
		};
/* End PBXGroup section */

/* Begin PBXNativeTarget section */
		C87695812CBA082D00FBCA6C /* Overview */ = {
			isa = PBXNativeTarget;
			buildConfigurationList = C87695912CBA082F00FBCA6C /* Build configuration list for PBXNativeTarget "Overview" */;
			buildPhases = (
				C876957E2CBA082D00FBCA6C /* Sources */,
				C876957F2CBA082D00FBCA6C /* Frameworks */,
				C87695802CBA082D00FBCA6C /* Resources */,
			);
			buildRules = (
			);
			dependencies = (
			);
			name = Overview;
			packageProductDependencies = (
				C88D5D782D5871B000F0990C /* Sparkle */,
				C856D8D92D62CE3900E82033 /* KeyboardShortcuts */,
			);
			productName = Overview;
			productReference = C87695822CBA082D00FBCA6C /* Overview.app */;
			productType = "com.apple.product-type.application";
		};
/* End PBXNativeTarget section */

/* Begin PBXProject section */
		C876957A2CBA082D00FBCA6C /* Project object */ = {
			isa = PBXProject;
			attributes = {
				BuildIndependentTargetsInParallel = 1;
				LastSwiftUpdateCheck = 1600;
				LastUpgradeCheck = 1600;
				TargetAttributes = {
					C87695812CBA082D00FBCA6C = {
						CreatedOnToolsVersion = 16.0;
					};
				};
			};
			buildConfigurationList = C876957D2CBA082D00FBCA6C /* Build configuration list for PBXProject "Overview" */;
			compatibilityVersion = "Xcode 15.0";
			developmentRegion = en;
			hasScannedForEncodings = 0;
			knownRegions = (
				en,
				Base,
			);
			mainGroup = C87695792CBA082D00FBCA6C;
			packageReferences = (
				C88D5D772D5871B000F0990C /* XCRemoteSwiftPackageReference "Sparkle" */,
				C856D8D82D62CE3900E82033 /* XCRemoteSwiftPackageReference "KeyboardShortcuts" */,
			);
			productRefGroup = C87695832CBA082D00FBCA6C /* Products */;
			projectDirPath = "";
			projectRoot = "";
			targets = (
				C87695812CBA082D00FBCA6C /* Overview */,
			);
		};
/* End PBXProject section */

/* Begin PBXResourcesBuildPhase section */
		C87695802CBA082D00FBCA6C /* Resources */ = {
			isa = PBXResourcesBuildPhase;
			buildActionMask = 2147483647;
			files = (
				C876958D2CBA082F00FBCA6C /* Preview Assets.xcassets in Resources */,
				C876958A2CBA082F00FBCA6C /* Assets.xcassets in Resources */,
			);
			runOnlyForDeploymentPostprocessing = 0;
		};
/* End PBXResourcesBuildPhase section */

/* Begin PBXSourcesBuildPhase section */
		C876957E2CBA082D00FBCA6C /* Sources */ = {
			isa = PBXSourcesBuildPhase;
			buildActionMask = 2147483647;
			files = (
				C8A838362D0410CF002EC00B /* OverviewApp.swift in Sources */,
				C881CD112D59F56700B5A480 /* OverviewAppDelegate.swift in Sources */,
			);
			runOnlyForDeploymentPostprocessing = 0;
		};
/* End PBXSourcesBuildPhase section */

/* Begin XCBuildConfiguration section */
		C876958F2CBA082F00FBCA6C /* Debug */ = {
			isa = XCBuildConfiguration;
			buildSettings = {
				ALWAYS_SEARCH_USER_PATHS = NO;
				ASSETCATALOG_COMPILER_GENERATE_SWIFT_ASSET_SYMBOL_EXTENSIONS = YES;
				CLANG_ANALYZER_NONNULL = YES;
				CLANG_ANALYZER_NUMBER_OBJECT_CONVERSION = YES_AGGRESSIVE;
				CLANG_CXX_LANGUAGE_STANDARD = "gnu++20";
				CLANG_ENABLE_MODULES = YES;
				CLANG_ENABLE_OBJC_ARC = YES;
				CLANG_ENABLE_OBJC_WEAK = YES;
				CLANG_WARN_BLOCK_CAPTURE_AUTORELEASING = YES;
				CLANG_WARN_BOOL_CONVERSION = YES;
				CLANG_WARN_COMMA = YES;
				CLANG_WARN_CONSTANT_CONVERSION = YES;
				CLANG_WARN_DEPRECATED_OBJC_IMPLEMENTATIONS = YES;
				CLANG_WARN_DIRECT_OBJC_ISA_USAGE = YES_ERROR;
				CLANG_WARN_DOCUMENTATION_COMMENTS = YES;
				CLANG_WARN_EMPTY_BODY = YES;
				CLANG_WARN_ENUM_CONVERSION = YES;
				CLANG_WARN_INFINITE_RECURSION = YES;
				CLANG_WARN_INT_CONVERSION = YES;
				CLANG_WARN_NON_LITERAL_NULL_CONVERSION = YES;
				CLANG_WARN_OBJC_IMPLICIT_RETAIN_SELF = YES;
				CLANG_WARN_OBJC_LITERAL_CONVERSION = YES;
				CLANG_WARN_OBJC_ROOT_CLASS = YES_ERROR;
				CLANG_WARN_QUOTED_INCLUDE_IN_FRAMEWORK_HEADER = YES;
				CLANG_WARN_RANGE_LOOP_ANALYSIS = YES;
				CLANG_WARN_STRICT_PROTOTYPES = YES;
				CLANG_WARN_SUSPICIOUS_MOVE = YES;
				CLANG_WARN_UNGUARDED_AVAILABILITY = YES_AGGRESSIVE;
				CLANG_WARN_UNREACHABLE_CODE = YES;
				CLANG_WARN__DUPLICATE_METHOD_MATCH = YES;
				COPY_PHASE_STRIP = NO;
				DEBUG_INFORMATION_FORMAT = dwarf;
				ENABLE_STRICT_OBJC_MSGSEND = YES;
				ENABLE_TESTABILITY = YES;
				ENABLE_USER_SCRIPT_SANDBOXING = YES;
				GCC_C_LANGUAGE_STANDARD = gnu17;
				GCC_DYNAMIC_NO_PIC = NO;
				GCC_NO_COMMON_BLOCKS = YES;
				GCC_OPTIMIZATION_LEVEL = 0;
				GCC_PREPROCESSOR_DEFINITIONS = (
					"DEBUG=1",
					"$(inherited)",
				);
				GCC_WARN_64_TO_32_BIT_CONVERSION = YES;
				GCC_WARN_ABOUT_RETURN_TYPE = YES_ERROR;
				GCC_WARN_UNDECLARED_SELECTOR = YES;
				GCC_WARN_UNINITIALIZED_AUTOS = YES_AGGRESSIVE;
				GCC_WARN_UNUSED_FUNCTION = YES;
				GCC_WARN_UNUSED_VARIABLE = YES;
				LOCALIZATION_PREFERS_STRING_CATALOGS = YES;
				MACOSX_DEPLOYMENT_TARGET = "$(RECOMMENDED_MACOSX_DEPLOYMENT_TARGET)";
				MTL_ENABLE_DEBUG_INFO = INCLUDE_SOURCE;
				MTL_FAST_MATH = YES;
				ONLY_ACTIVE_ARCH = YES;
				PRODUCT_NAME = Overview;
				SDKROOT = macosx;
				SWIFT_ACTIVE_COMPILATION_CONDITIONS = "DEBUG $(inherited)";
				SWIFT_OPTIMIZATION_LEVEL = "-Onone";
			};
			name = Debug;
		};
		C87695902CBA082F00FBCA6C /* Release */ = {
			isa = XCBuildConfiguration;
			buildSettings = {
				ALWAYS_SEARCH_USER_PATHS = NO;
				ASSETCATALOG_COMPILER_GENERATE_SWIFT_ASSET_SYMBOL_EXTENSIONS = YES;
				CLANG_ANALYZER_NONNULL = YES;
				CLANG_ANALYZER_NUMBER_OBJECT_CONVERSION = YES_AGGRESSIVE;
				CLANG_CXX_LANGUAGE_STANDARD = "gnu++20";
				CLANG_ENABLE_MODULES = YES;
				CLANG_ENABLE_OBJC_ARC = YES;
				CLANG_ENABLE_OBJC_WEAK = YES;
				CLANG_WARN_BLOCK_CAPTURE_AUTORELEASING = YES;
				CLANG_WARN_BOOL_CONVERSION = YES;
				CLANG_WARN_COMMA = YES;
				CLANG_WARN_CONSTANT_CONVERSION = YES;
				CLANG_WARN_DEPRECATED_OBJC_IMPLEMENTATIONS = YES;
				CLANG_WARN_DIRECT_OBJC_ISA_USAGE = YES_ERROR;
				CLANG_WARN_DOCUMENTATION_COMMENTS = YES;
				CLANG_WARN_EMPTY_BODY = YES;
				CLANG_WARN_ENUM_CONVERSION = YES;
				CLANG_WARN_INFINITE_RECURSION = YES;
				CLANG_WARN_INT_CONVERSION = YES;
				CLANG_WARN_NON_LITERAL_NULL_CONVERSION = YES;
				CLANG_WARN_OBJC_IMPLICIT_RETAIN_SELF = YES;
				CLANG_WARN_OBJC_LITERAL_CONVERSION = YES;
				CLANG_WARN_OBJC_ROOT_CLASS = YES_ERROR;
				CLANG_WARN_QUOTED_INCLUDE_IN_FRAMEWORK_HEADER = YES;
				CLANG_WARN_RANGE_LOOP_ANALYSIS = YES;
				CLANG_WARN_STRICT_PROTOTYPES = YES;
				CLANG_WARN_SUSPICIOUS_MOVE = YES;
				CLANG_WARN_UNGUARDED_AVAILABILITY = YES_AGGRESSIVE;
				CLANG_WARN_UNREACHABLE_CODE = YES;
				CLANG_WARN__DUPLICATE_METHOD_MATCH = YES;
				COPY_PHASE_STRIP = NO;
				DEBUG_INFORMATION_FORMAT = "dwarf-with-dsym";
				ENABLE_NS_ASSERTIONS = NO;
				ENABLE_STRICT_OBJC_MSGSEND = YES;
				ENABLE_USER_SCRIPT_SANDBOXING = YES;
				GCC_C_LANGUAGE_STANDARD = gnu17;
				GCC_NO_COMMON_BLOCKS = YES;
				GCC_WARN_64_TO_32_BIT_CONVERSION = YES;
				GCC_WARN_ABOUT_RETURN_TYPE = YES_ERROR;
				GCC_WARN_UNDECLARED_SELECTOR = YES;
				GCC_WARN_UNINITIALIZED_AUTOS = YES_AGGRESSIVE;
				GCC_WARN_UNUSED_FUNCTION = YES;
				GCC_WARN_UNUSED_VARIABLE = YES;
				LOCALIZATION_PREFERS_STRING_CATALOGS = YES;
				MACOSX_DEPLOYMENT_TARGET = "$(RECOMMENDED_MACOSX_DEPLOYMENT_TARGET)";
				MTL_ENABLE_DEBUG_INFO = NO;
				MTL_FAST_MATH = YES;
				PRODUCT_NAME = Overview;
				SDKROOT = macosx;
				SWIFT_COMPILATION_MODE = wholemodule;
			};
			name = Release;
		};
		C87695922CBA082F00FBCA6C /* Debug */ = {
			isa = XCBuildConfiguration;
			buildSettings = {
				ASSETCATALOG_COMPILER_APPICON_NAME = AppIcon;
				ASSETCATALOG_COMPILER_GLOBAL_ACCENT_COLOR_NAME = AccentColor;
				CODE_SIGN_ENTITLEMENTS = Overview/Overview.entitlements;
				CODE_SIGN_IDENTITY = "Apple Development";
				CODE_SIGN_STYLE = Automatic;
				COMBINE_HIDPI_IMAGES = YES;
				CURRENT_PROJECT_VERSION = 1.1.2;
				DEVELOPMENT_ASSET_PATHS = "\"Overview/Preview Content\"";
				DEVELOPMENT_TEAM = TUFL6SPMRK;
				ENABLE_HARDENED_RUNTIME = YES;
				ENABLE_PREVIEWS = YES;
				GENERATE_INFOPLIST_FILE = YES;
				INFOPLIST_FILE = Overview/Info.plist;
				INFOPLIST_KEY_CFBundleDisplayName = Overview;
				INFOPLIST_KEY_LSApplicationCategoryType = "public.app-category.utilities";
				INFOPLIST_KEY_NSHumanReadableCopyright = "";
				LD_RUNPATH_SEARCH_PATHS = (
					"$(inherited)",
					"@executable_path/../Frameworks",
				);
				MACOSX_DEPLOYMENT_TARGET = 13.0;
				MARKETING_VERSION = "v1.1.2-beta";
				PRODUCT_BUNDLE_IDENTIFIER = io.williampierce.Overview;
				PRODUCT_NAME = "$(TARGET_NAME)";
				PROVISIONING_PROFILE_SPECIFIER = "";
				SWIFT_EMIT_LOC_STRINGS = YES;
				SWIFT_VERSION = 5.0;
			};
			name = Debug;
		};
		C87695932CBA082F00FBCA6C /* Release */ = {
			isa = XCBuildConfiguration;
			buildSettings = {
				ASSETCATALOG_COMPILER_APPICON_NAME = AppIcon;
				ASSETCATALOG_COMPILER_GLOBAL_ACCENT_COLOR_NAME = AccentColor;
				CODE_SIGN_ENTITLEMENTS = Overview/Overview.entitlements;
				CODE_SIGN_IDENTITY = "Apple Development";
				CODE_SIGN_STYLE = Automatic;
				COMBINE_HIDPI_IMAGES = YES;
				CURRENT_PROJECT_VERSION = 1.1.2;
				DEVELOPMENT_ASSET_PATHS = "\"Overview/Preview Content\"";
				DEVELOPMENT_TEAM = TUFL6SPMRK;
				ENABLE_HARDENED_RUNTIME = YES;
				ENABLE_PREVIEWS = YES;
				GENERATE_INFOPLIST_FILE = YES;
				INFOPLIST_FILE = Overview/Info.plist;
				INFOPLIST_KEY_CFBundleDisplayName = Overview;
				INFOPLIST_KEY_LSApplicationCategoryType = "public.app-category.utilities";
				INFOPLIST_KEY_NSHumanReadableCopyright = "";
				LD_RUNPATH_SEARCH_PATHS = (
					"$(inherited)",
					"@executable_path/../Frameworks",
				);
				MACOSX_DEPLOYMENT_TARGET = 13.0;
				MARKETING_VERSION = "v1.1.2-beta";
				PRODUCT_BUNDLE_IDENTIFIER = io.williampierce.Overview;
				PRODUCT_NAME = "$(TARGET_NAME)";
				PROVISIONING_PROFILE_SPECIFIER = "";
				SWIFT_EMIT_LOC_STRINGS = YES;
				SWIFT_VERSION = 5.0;
			};
			name = Release;
		};
/* End XCBuildConfiguration section */

/* Begin XCConfigurationList section */
		C876957D2CBA082D00FBCA6C /* Build configuration list for PBXProject "Overview" */ = {
			isa = XCConfigurationList;
			buildConfigurations = (
				C876958F2CBA082F00FBCA6C /* Debug */,
				C87695902CBA082F00FBCA6C /* Release */,
			);
			defaultConfigurationIsVisible = 0;
			defaultConfigurationName = Release;
		};
		C87695912CBA082F00FBCA6C /* Build configuration list for PBXNativeTarget "Overview" */ = {
			isa = XCConfigurationList;
			buildConfigurations = (
				C87695922CBA082F00FBCA6C /* Debug */,
				C87695932CBA082F00FBCA6C /* Release */,
			);
			defaultConfigurationIsVisible = 0;
			defaultConfigurationName = Release;
		};
/* End XCConfigurationList section */

/* Begin XCRemoteSwiftPackageReference section */
		C856D8D82D62CE3900E82033 /* XCRemoteSwiftPackageReference "KeyboardShortcuts" */ = {
			isa = XCRemoteSwiftPackageReference;
			repositoryURL = "https://github.com/sindresorhus/KeyboardShortcuts";
			requirement = {
				kind = upToNextMajorVersion;
				minimumVersion = 2.2.4;
			};
		};
		C88D5D772D5871B000F0990C /* XCRemoteSwiftPackageReference "Sparkle" */ = {
			isa = XCRemoteSwiftPackageReference;
			repositoryURL = "https://github.com/sparkle-project/Sparkle";
			requirement = {
				kind = upToNextMajorVersion;
				minimumVersion = 2.6.4;
			};
		};
/* End XCRemoteSwiftPackageReference section */

/* Begin XCSwiftPackageProductDependency section */
		C856D8D92D62CE3900E82033 /* KeyboardShortcuts */ = {
			isa = XCSwiftPackageProductDependency;
			package = C856D8D82D62CE3900E82033 /* XCRemoteSwiftPackageReference "KeyboardShortcuts" */;
			productName = KeyboardShortcuts;
		};
		C88D5D782D5871B000F0990C /* Sparkle */ = {
			isa = XCSwiftPackageProductDependency;
			package = C88D5D772D5871B000F0990C /* XCRemoteSwiftPackageReference "Sparkle" */;
			productName = Sparkle;
		};
/* End XCSwiftPackageProductDependency section */
	};
	rootObject = C876957A2CBA082D00FBCA6C /* Project object */;
}
